# This file is automatically @generated by Cargo.
# It is not intended for manual editing.
version = 4

[[package]]
name = "autosar-xsd-mangler"
version = "0.7.0"
dependencies = [
 "rustc-hash",
 "xml-rs",
]

[[package]]
name = "rustc-hash"
version = "2.1.1"
source = "registry+https://github.com/rust-lang/crates.io-index"
checksum = "357703d41365b4b27c590e3ed91eabb1b663f07c4c084095e60cbed4362dff0d"

[[package]]
name = "xml"
version = "1.2.0"
source = "registry+https://github.com/rust-lang/crates.io-index"
checksum = "2df5825faced2427b2da74d9100f1e2e93c533fff063506a81ede1cf517b2e7e"

[[package]]
name = "xml-rs"
version = "1.0.0"
source = "registry+https://github.com/rust-lang/crates.io-index"
checksum = "c3a56132a0d6ecbe77352edc10232f788fc4ceefefff4cab784a98e0e16b6b51"
dependencies = [
 "xml",
]
