# This file is automatically @generated by Cargo.
# It is not intended for manual editing.
version = 4

[[package]]
name = "autosar-xsd-mangler"
version = "0.6.0"
dependencies = [
 "rustc-hash",
 "xml-rs",
]

[[package]]
name = "rustc-hash"
version = "2.0.0"
source = "registry+https://github.com/rust-lang/crates.io-index"
checksum = "583034fd73374156e66797ed8e5b0d5690409c9226b22d87cb7f19821c05d152"

[[package]]
name = "xml-rs"
version = "0.8.23"
source = "registry+https://github.com/rust-lang/crates.io-index"
checksum = "af310deaae937e48a26602b730250b4949e125f468f11e6990be3e5304ddd96f"
